
Microsoft Visual Studio Solution File, Format Version 12.00
# Visual Studio Version 17
VisualStudioVersion = 17.3.32929.385
MinimumVisualStudioVersion = 10.0.40219.1
Project("{FAE04EC0-301F-11D3-BF4B-00C04F79EFBC}") = "RunGroupWebApp", "RunGroupWebApp\RunGroupWebApp.csproj", "{1694BBDF-6697-4F37-B382-5A1DB9B325CA}"
EndProject
Global
	GlobalSection(SolutionConfigurationPlatforms) = preSolution
		Debug|Any CPU = Debug|Any CPU
		Release|Any CPU = Release|Any CPU
	EndGlobalSection
	GlobalSection(ProjectConfigurationPlatforms) = postSolution
		{1694BBDF-6697-4F37-B382-5A1DB9B325CA}.Debug|Any CPU.ActiveCfg = Debug|Any CPU
		{1694BBDF-6697-4F37-B382-5A1DB9B325CA}.Debug|Any CPU.Build.0 = Debug|Any CPU
		{1694BBDF-6697-4F37-B382-5A1DB9B325CA}.Release|Any CPU.ActiveCfg = Release|Any CPU
		{1694BBDF-6697-4F37-B382-5A1DB9B325CA}.Release|Any CPU.Build.0 = Release|Any CPU
	EndGlobalSection
	GlobalSection(SolutionProperties) = preSolution
		HideSolutionNode = FALSE
	EndGlobalSection
	GlobalSection(ExtensibilityGlobals) = postSolution
		SolutionGuid = {3035B5BB-774F-48C9-AE38-2D3FCB439FCC}
	EndGlobalSection
EndGlobal
